
Microsoft Visual Studio Solution File, Format Version 12.00
# Visual Studio Version 17
VisualStudioVersion = 17.6.33717.318
MinimumVisualStudioVersion = 10.0.40219.1
Project("{FAE04EC0-301F-11D3-BF4B-00C04F79EFBC}") = "C_To_F", "C_To_F\C_To_F.csproj", "{41481CFC-C5ED-4926-8108-50D0B8C1BEF5}"
EndProject
Project("{FAE04EC0-301F-11D3-BF4B-00C04F79EFBC}") = "Smallest_Element", "..\Smallest_Element\Smallest_Element.csproj", "{0A9D9D1A-653B-4BCE-AD4F-6957BAE720EC}"
EndProject
Global
	GlobalSection(SolutionConfigurationPlatforms) = preSolution
		Debug|Any CPU = Debug|Any CPU
		Release|Any CPU = Release|Any CPU
	EndGlobalSection
	GlobalSection(ProjectConfigurationPlatforms) = postSolution
		{41481CFC-C5ED-4926-8108-50D0B8C1BEF5}.Debug|Any CPU.ActiveCfg = Debug|Any CPU
		{41481CFC-C5ED-4926-8108-50D0B8C1BEF5}.Debug|Any CPU.Build.0 = Debug|Any CPU
		{41481CFC-C5ED-4926-8108-50D0B8C1BEF5}.Release|Any CPU.ActiveCfg = Release|Any CPU
		{41481CFC-C5ED-4926-8108-50D0B8C1BEF5}.Release|Any CPU.Build.0 = Release|Any CPU
		{0A9D9D1A-653B-4BCE-AD4F-6957BAE720EC}.Debug|Any CPU.ActiveCfg = Debug|Any CPU
		{0A9D9D1A-653B-4BCE-AD4F-6957BAE720EC}.Debug|Any CPU.Build.0 = Debug|Any CPU
		{0A9D9D1A-653B-4BCE-AD4F-6957BAE720EC}.Release|Any CPU.ActiveCfg = Release|Any CPU
		{0A9D9D1A-653B-4BCE-AD4F-6957BAE720EC}.Release|Any CPU.Build.0 = Release|Any CPU
	EndGlobalSection
	GlobalSection(SolutionProperties) = preSolution
		HideSolutionNode = FALSE
	EndGlobalSection
	GlobalSection(ExtensibilityGlobals) = postSolution
		SolutionGuid = {773A835A-0BF2-42BF-B98F-EE8759840288}
	EndGlobalSection
EndGlobal
